# This file is automatically @generated by Cargo.
# It is not intended for manual editing.
version = 3

[[package]]
name = "kekw"
version = "0.0.0"
dependencies = [
 "kekw_api",
 "kekw_client",
 "kekw_endpoints",
 "kekw_macros",
]

[[package]]
name = "kekw_api"
version = "0.1.0"

[[package]]
name = "kekw_bot"
version = "0.1.0"

[[package]]
name = "kekw_client"
version = "0.1.0"

[[package]]
name = "kekw_endpoints"
version = "0.1.0"

[[package]]
name = "kekw_macros"
version = "0.1.0"
